// !$*UTF8*$!
{
	archiveVersion = 1;
	classes = {
	};
	objectVersion = 46;
	objects = {

/* Begin PBXFileReference section */
		C57AEBBC19C7E04D00072531 /* include */ = {isa = PBXFileReference; lastKnownFileType = folder; path = include; sourceTree = "<group>"; };
		C57AEBBD19C7E04D00072531 /* README.md */ = {isa = PBXFileReference; lastKnownFileType = text; path = README.md; sourceTree = "<group>"; };
		C57AEBBE19C7E04D00072531 /* resources */ = {isa = PBXFileReference; lastKnownFileType = folder; path = resources; sourceTree = "<group>"; };
		C57AEBBF19C7E04D00072531 /* scripts */ = {isa = PBXFileReference; lastKnownFileType = folder; path = scripts; sourceTree = "<group>"; };
/* End PBXFileReference section */

/* Begin PBXGroup section */
		C57AEBB519C7DF6400072531 = {
			isa = PBXGroup;
			children = (
				C57AEBBC19C7E04D00072531 /* include */,
				C57AEBBD19C7E04D00072531 /* README.md */,
				C57AEBBE19C7E04D00072531 /* resources */,
				C57AEBBF19C7E04D00072531 /* scripts */,
			);
			sourceTree = "<group>";
		};
/* End PBXGroup section */

/* Begin PBXProject section */
		C57AEBB619C7DF6400072531 /* Project object */ = {
			isa = PBXProject;
			attributes = {
				LastUpgradeCheck = 0510;
			};
			buildConfigurationList = C57AEBB919C7DF6400072531 /* Build configuration list for PBXProject "sdk" */;
			compatibilityVersion = "Xcode 3.2";
			developmentRegion = English;
			hasScannedForEncodings = 0;
			knownRegions = (
				en,
			);
			mainGroup = C57AEBB519C7DF6400072531;
			projectDirPath = "";
			projectRoot = "";
			targets = (
			);
		};
/* End PBXProject section */

/* Begin XCBuildConfiguration section */
		C57AEBBA19C7DF6400072531 /* Debug */ = {
			isa = XCBuildConfiguration;
			buildSettings = {
			};
			name = Debug;
		};
		C57AEBBB19C7DF6400072531 /* Release */ = {
			isa = XCBuildConfiguration;
			buildSettings = {
			};
			name = Release;
		};
/* End XCBuildConfiguration section */

/* Begin XCConfigurationList section */
		C57AEBB919C7DF6400072531 /* Build configuration list for PBXProject "sdk" */ = {
			isa = XCConfigurationList;
			buildConfigurations = (
				C57AEBBA19C7DF6400072531 /* Debug */,
				C57AEBBB19C7DF6400072531 /* Release */,
			);
			defaultConfigurationIsVisible = 0;
			defaultConfigurationName = Release;
		};
/* End XCConfigurationList section */
	};
	rootObject = C57AEBB619C7DF6400072531 /* Project object */;
}
