// !$*UTF8*$!
{
	archiveVersion = 1;
	classes = {
	};
	objectVersion = 46;
	objects = {

/* Begin PBXFileReference section */
		C57AEBBD19C7E04D00072531 /* README.md */ = {isa = PBXFileReference; lastKnownFileType = text; path = README.md; sourceTree = "<group>"; };
		F51FCC6F1B153A3200C182B0 /* myosbuild */ = {isa = PBXFileReference; lastKnownFileType = text; path = myosbuild; sourceTree = "<group>"; };
		F51FCC701B153A3200C182B0 /* myosrun */ = {isa = PBXFileReference; lastKnownFileType = text; path = myosrun; sourceTree = "<group>"; };
		F51FCC711B153A3200C182B0 /* myosclean */ = {isa = PBXFileReference; lastKnownFileType = text; path = myosclean; sourceTree = "<group>"; };
		F51FCC721B153A3200C182B0 /* myosinstall */ = {isa = PBXFileReference; lastKnownFileType = text; path = myosinstall; sourceTree = "<group>"; };
		F51FCC741B155A4C00C182B0 /* app-makefile */ = {isa = PBXFileReference; lastKnownFileType = text; path = "app-makefile"; sourceTree = "<group>"; };
		F51FCC751B1564A200C182B0 /* config.sh.android */ = {isa = PBXFileReference; lastKnownFileType = text; path = config.sh.android; sourceTree = "<group>"; };
		F51FCC761B1564A200C182B0 /* config.sh.ubuntu */ = {isa = PBXFileReference; lastKnownFileType = text; path = config.sh.ubuntu; sourceTree = "<group>"; };
		F56BD64F1B15913500D6D5CD /* myosemulator */ = {isa = PBXFileReference; lastKnownFileType = text; path = myosemulator; sourceTree = "<group>"; };
		F5E864761A783DB60058E642 /* android */ = {isa = PBXFileReference; lastKnownFileType = folder; path = android; sourceTree = "<group>"; };
		F5E864771A783DB60058E642 /* ubuntu */ = {isa = PBXFileReference; lastKnownFileType = folder; path = ubuntu; sourceTree = "<group>"; };
		F5E864831A783DB60058E642 /* config.sh */ = {isa = PBXFileReference; lastKnownFileType = text.script.sh; path = config.sh; sourceTree = "<group>"; };
/* End PBXFileReference section */

/* Begin PBXGroup section */
		C57AEBB519C7DF6400072531 = {
			isa = PBXGroup;
			children = (
				F5E864761A783DB60058E642 /* android */,
				F5E864771A783DB60058E642 /* ubuntu */,
				F5E864831A783DB60058E642 /* config.sh */,
				F51FCC751B1564A200C182B0 /* config.sh.android */,
				F51FCC761B1564A200C182B0 /* config.sh.ubuntu */,
				F51FCC741B155A4C00C182B0 /* app-makefile */,
				F51FCC6F1B153A3200C182B0 /* myosbuild */,
				F51FCC711B153A3200C182B0 /* myosclean */,
				F56BD64F1B15913500D6D5CD /* myosemulator */,
				F51FCC721B153A3200C182B0 /* myosinstall */,
				F51FCC701B153A3200C182B0 /* myosrun */,
				C57AEBBD19C7E04D00072531 /* README.md */,
			);
			sourceTree = "<group>";
		};
/* End PBXGroup section */

/* Begin PBXProject section */
		C57AEBB619C7DF6400072531 /* Project object */ = {
			isa = PBXProject;
			attributes = {
				LastUpgradeCheck = 0510;
			};
			buildConfigurationList = C57AEBB919C7DF6400072531 /* Build configuration list for PBXProject "sdk" */;
			compatibilityVersion = "Xcode 3.2";
			developmentRegion = English;
			hasScannedForEncodings = 0;
			knownRegions = (
				en,
			);
			mainGroup = C57AEBB519C7DF6400072531;
			projectDirPath = "";
			projectRoot = "";
			targets = (
			);
		};
/* End PBXProject section */

/* Begin XCBuildConfiguration section */
		C57AEBBA19C7DF6400072531 /* Debug */ = {
			isa = XCBuildConfiguration;
			buildSettings = {
			};
			name = Debug;
		};
		C57AEBBB19C7DF6400072531 /* Release */ = {
			isa = XCBuildConfiguration;
			buildSettings = {
			};
			name = Release;
		};
/* End XCBuildConfiguration section */

/* Begin XCConfigurationList section */
		C57AEBB919C7DF6400072531 /* Build configuration list for PBXProject "sdk" */ = {
			isa = XCConfigurationList;
			buildConfigurations = (
				C57AEBBA19C7DF6400072531 /* Debug */,
				C57AEBBB19C7DF6400072531 /* Release */,
			);
			defaultConfigurationIsVisible = 0;
			defaultConfigurationName = Release;
		};
/* End XCConfigurationList section */
	};
	rootObject = C57AEBB619C7DF6400072531 /* Project object */;
}
